
Microsoft Visual Studio Solution File, Format Version 12.00
# Visual Studio Version 17
VisualStudioVersion = 17.5.002.0
MinimumVisualStudioVersion = 10.0.40219.1
Project("{9A19103F-16F7-4668-BE54-9A1E7A4F7556}") = "vacation8_consumer", "vacation8_consumer\vacation8_consumer.csproj", "{468A039C-E18E-44D2-B877-3CBCC89455F7}"
EndProject
Project("{9A19103F-16F7-4668-BE54-9A1E7A4F7556}") = "vacation8", "vacation8\vacation8.csproj", "{3E6CCD5C-28FD-468E-A7A2-6FB05A2860D5}"
EndProject
Global
	GlobalSection(SolutionConfigurationPlatforms) = preSolution
		Debug|Any CPU = Debug|Any CPU
		Release|Any CPU = Release|Any CPU
	EndGlobalSection
	GlobalSection(ProjectConfigurationPlatforms) = postSolution
		{468A039C-E18E-44D2-B877-3CBCC89455F7}.Debug|Any CPU.ActiveCfg = Debug|Any CPU
		{468A039C-E18E-44D2-B877-3CBCC89455F7}.Debug|Any CPU.Build.0 = Debug|Any CPU
		{468A039C-E18E-44D2-B877-3CBCC89455F7}.Release|Any CPU.ActiveCfg = Release|Any CPU
		{468A039C-E18E-44D2-B877-3CBCC89455F7}.Release|Any CPU.Build.0 = Release|Any CPU
		{3E6CCD5C-28FD-468E-A7A2-6FB05A2860D5}.Debug|Any CPU.ActiveCfg = Debug|Any CPU
		{3E6CCD5C-28FD-468E-A7A2-6FB05A2860D5}.Debug|Any CPU.Build.0 = Debug|Any CPU
		{3E6CCD5C-28FD-468E-A7A2-6FB05A2860D5}.Release|Any CPU.ActiveCfg = Release|Any CPU
		{3E6CCD5C-28FD-468E-A7A2-6FB05A2860D5}.Release|Any CPU.Build.0 = Release|Any CPU
	EndGlobalSection
	GlobalSection(SolutionProperties) = preSolution
		HideSolutionNode = FALSE
	EndGlobalSection
	GlobalSection(ExtensibilityGlobals) = postSolution
		SolutionGuid = {DA36CB26-85C1-43AF-8C7A-D3FEF38EC1EC}
	EndGlobalSection
EndGlobal
